
Microsoft Visual Studio Solution File, Format Version 12.00
# Visual Studio Version 16
VisualStudioVersion = 16.0.31105.61
MinimumVisualStudioVersion = 10.0.40219.1
Project("{FAE04EC0-301F-11D3-BF4B-00C04F79EFBC}") = "Home_Page", "Home_Page.csproj", "{EAEBC8EF-9199-4108-B8E9-6D0FA2A130EE}"
EndProject
Project("{2150E333-8FDC-42A3-9474-1A3956D46DE8}") = "Solution Items", "Solution Items", "{84105EB9-E144-426F-BEDB-20055B3159D5}"
EndProject
Global
	GlobalSection(SolutionConfigurationPlatforms) = preSolution
		Debug|Any CPU = Debug|Any CPU
		Release|Any CPU = Release|Any CPU
	EndGlobalSection
	GlobalSection(ProjectConfigurationPlatforms) = postSolution
		{EAEBC8EF-9199-4108-B8E9-6D0FA2A130EE}.Debug|Any CPU.ActiveCfg = Debug|Any CPU
		{EAEBC8EF-9199-4108-B8E9-6D0FA2A130EE}.Debug|Any CPU.Build.0 = Debug|Any CPU
		{EAEBC8EF-9199-4108-B8E9-6D0FA2A130EE}.Release|Any CPU.ActiveCfg = Release|Any CPU
		{EAEBC8EF-9199-4108-B8E9-6D0FA2A130EE}.Release|Any CPU.Build.0 = Release|Any CPU
	EndGlobalSection
	GlobalSection(SolutionProperties) = preSolution
		HideSolutionNode = FALSE
	EndGlobalSection
	GlobalSection(ExtensibilityGlobals) = postSolution
		SolutionGuid = {41027EE0-E5F2-4FAF-B18D-4E78159721BA}
	EndGlobalSection
EndGlobal
